// !$*UTF8*$!
{
	archiveVersion = 1;
	classes = {
	};
	objectVersion = 55;
	objects = {

/* Begin PBXBuildFile section */
		9A37765B28B856E000E5F8B1 /* hypespaceApp.swift in Sources */ = {isa = PBXBuildFile; fileRef = 9A37765A28B856E000E5F8B1 /* hypespaceApp.swift */; };
		9A37765D28B856E000E5F8B1 /* ContentView.swift in Sources */ = {isa = PBXBuildFile; fileRef = 9A37765C28B856E000E5F8B1 /* ContentView.swift */; };
		9A37765F28B856E400E5F8B1 /* Assets.xcassets in Resources */ = {isa = PBXBuildFile; fileRef = 9A37765E28B856E400E5F8B1 /* Assets.xcassets */; };
		9A37766228B856E400E5F8B1 /* Preview Assets.xcassets in Resources */ = {isa = PBXBuildFile; fileRef = 9A37766128B856E400E5F8B1 /* Preview Assets.xcassets */; };
		9A37766C28B856E600E5F8B1 /* hypespaceTests.swift in Sources */ = {isa = PBXBuildFile; fileRef = 9A37766B28B856E600E5F8B1 /* hypespaceTests.swift */; };
		9A37767628B856E600E5F8B1 /* hypespaceUITests.swift in Sources */ = {isa = PBXBuildFile; fileRef = 9A37767528B856E600E5F8B1 /* hypespaceUITests.swift */; };
		9A37767828B856E600E5F8B1 /* hypespaceUITestsLaunchTests.swift in Sources */ = {isa = PBXBuildFile; fileRef = 9A37767728B856E600E5F8B1 /* hypespaceUITestsLaunchTests.swift */; };
/* End PBXBuildFile section */

/* Begin PBXContainerItemProxy section */
		9A37766828B856E600E5F8B1 /* PBXContainerItemProxy */ = {
			isa = PBXContainerItemProxy;
			containerPortal = 9A37764F28B856E000E5F8B1 /* Project object */;
			proxyType = 1;
			remoteGlobalIDString = 9A37765628B856E000E5F8B1;
			remoteInfo = hypespace;
		};
		9A37767228B856E600E5F8B1 /* PBXContainerItemProxy */ = {
			isa = PBXContainerItemProxy;
			containerPortal = 9A37764F28B856E000E5F8B1 /* Project object */;
			proxyType = 1;
			remoteGlobalIDString = 9A37765628B856E000E5F8B1;
			remoteInfo = hypespace;
		};
/* End PBXContainerItemProxy section */

/* Begin PBXFileReference section */
		9A37765728B856E000E5F8B1 /* hypespace.app */ = {isa = PBXFileReference; explicitFileType = wrapper.application; includeInIndex = 0; path = hypespace.app; sourceTree = BUILT_PRODUCTS_DIR; };
		9A37765A28B856E000E5F8B1 /* hypespaceApp.swift */ = {isa = PBXFileReference; lastKnownFileType = sourcecode.swift; path = hypespaceApp.swift; sourceTree = "<group>"; };
		9A37765C28B856E000E5F8B1 /* ContentView.swift */ = {isa = PBXFileReference; lastKnownFileType = sourcecode.swift; path = ContentView.swift; sourceTree = "<group>"; };
		9A37765E28B856E400E5F8B1 /* Assets.xcassets */ = {isa = PBXFileReference; lastKnownFileType = folder.assetcatalog; path = Assets.xcassets; sourceTree = "<group>"; };
		9A37766128B856E400E5F8B1 /* Preview Assets.xcassets */ = {isa = PBXFileReference; lastKnownFileType = folder.assetcatalog; path = "Preview Assets.xcassets"; sourceTree = "<group>"; };
		9A37766728B856E600E5F8B1 /* hypespaceTests.xctest */ = {isa = PBXFileReference; explicitFileType = wrapper.cfbundle; includeInIndex = 0; path = hypespaceTests.xctest; sourceTree = BUILT_PRODUCTS_DIR; };
		9A37766B28B856E600E5F8B1 /* hypespaceTests.swift */ = {isa = PBXFileReference; lastKnownFileType = sourcecode.swift; path = hypespaceTests.swift; sourceTree = "<group>"; };
		9A37767128B856E600E5F8B1 /* hypespaceUITests.xctest */ = {isa = PBXFileReference; explicitFileType = wrapper.cfbundle; includeInIndex = 0; path = hypespaceUITests.xctest; sourceTree = BUILT_PRODUCTS_DIR; };
		9A37767528B856E600E5F8B1 /* hypespaceUITests.swift */ = {isa = PBXFileReference; lastKnownFileType = sourcecode.swift; path = hypespaceUITests.swift; sourceTree = "<group>"; };
		9A37767728B856E600E5F8B1 /* hypespaceUITestsLaunchTests.swift */ = {isa = PBXFileReference; lastKnownFileType = sourcecode.swift; path = hypespaceUITestsLaunchTests.swift; sourceTree = "<group>"; };
/* End PBXFileReference section */

/* Begin PBXFrameworksBuildPhase section */
		9A37765428B856E000E5F8B1 /* Frameworks */ = {
			isa = PBXFrameworksBuildPhase;
			buildActionMask = 2147483647;
			files = (
			);
			runOnlyForDeploymentPostprocessing = 0;
		};
		9A37766428B856E600E5F8B1 /* Frameworks */ = {
			isa = PBXFrameworksBuildPhase;
			buildActionMask = 2147483647;
			files = (
			);
			runOnlyForDeploymentPostprocessing = 0;
		};
		9A37766E28B856E600E5F8B1 /* Frameworks */ = {
			isa = PBXFrameworksBuildPhase;
			buildActionMask = 2147483647;
			files = (
			);
			runOnlyForDeploymentPostprocessing = 0;
		};
/* End PBXFrameworksBuildPhase section */

/* Begin PBXGroup section */
		9A37764E28B856E000E5F8B1 = {
			isa = PBXGroup;
			children = (
				9A37765928B856E000E5F8B1 /* hypespace */,
				9A37766A28B856E600E5F8B1 /* hypespaceTests */,
				9A37767428B856E600E5F8B1 /* hypespaceUITests */,
				9A37765828B856E000E5F8B1 /* Products */,
			);
			sourceTree = "<group>";
		};
		9A37765828B856E000E5F8B1 /* Products */ = {
			isa = PBXGroup;
			children = (
				9A37765728B856E000E5F8B1 /* hypespace.app */,
				9A37766728B856E600E5F8B1 /* hypespaceTests.xctest */,
				9A37767128B856E600E5F8B1 /* hypespaceUITests.xctest */,
			);
			name = Products;
			sourceTree = "<group>";
		};
		9A37765928B856E000E5F8B1 /* hypespace */ = {
			isa = PBXGroup;
			children = (
				9A37765A28B856E000E5F8B1 /* hypespaceApp.swift */,
				9A37765C28B856E000E5F8B1 /* ContentView.swift */,
				9A37765E28B856E400E5F8B1 /* Assets.xcassets */,
				9A37766028B856E400E5F8B1 /* Preview Content */,
			);
			path = hypespace;
			sourceTree = "<group>";
		};
		9A37766028B856E400E5F8B1 /* Preview Content */ = {
			isa = PBXGroup;
			children = (
				9A37766128B856E400E5F8B1 /* Preview Assets.xcassets */,
			);
			path = "Preview Content";
			sourceTree = "<group>";
		};
		9A37766A28B856E600E5F8B1 /* hypespaceTests */ = {
			isa = PBXGroup;
			children = (
				9A37766B28B856E600E5F8B1 /* hypespaceTests.swift */,
			);
			path = hypespaceTests;
			sourceTree = "<group>";
		};
		9A37767428B856E600E5F8B1 /* hypespaceUITests */ = {
			isa = PBXGroup;
			children = (
				9A37767528B856E600E5F8B1 /* hypespaceUITests.swift */,
				9A37767728B856E600E5F8B1 /* hypespaceUITestsLaunchTests.swift */,
			);
			path = hypespaceUITests;
			sourceTree = "<group>";
		};
/* End PBXGroup section */

/* Begin PBXNativeTarget section */
		9A37765628B856E000E5F8B1 /* hypespace */ = {
			isa = PBXNativeTarget;
			buildConfigurationList = 9A37767B28B856E600E5F8B1 /* Build configuration list for PBXNativeTarget "hypespace" */;
			buildPhases = (
				9A37765328B856E000E5F8B1 /* Sources */,
				9A37765428B856E000E5F8B1 /* Frameworks */,
				9A37765528B856E000E5F8B1 /* Resources */,
			);
			buildRules = (
			);
			dependencies = (
			);
			name = hypespace;
			productName = hypespace;
			productReference = 9A37765728B856E000E5F8B1 /* hypespace.app */;
			productType = "com.apple.product-type.application";
		};
		9A37766628B856E600E5F8B1 /* hypespaceTests */ = {
			isa = PBXNativeTarget;
			buildConfigurationList = 9A37767E28B856E600E5F8B1 /* Build configuration list for PBXNativeTarget "hypespaceTests" */;
			buildPhases = (
				9A37766328B856E600E5F8B1 /* Sources */,
				9A37766428B856E600E5F8B1 /* Frameworks */,
				9A37766528B856E600E5F8B1 /* Resources */,
			);
			buildRules = (
			);
			dependencies = (
				9A37766928B856E600E5F8B1 /* PBXTargetDependency */,
			);
			name = hypespaceTests;
			productName = hypespaceTests;
			productReference = 9A37766728B856E600E5F8B1 /* hypespaceTests.xctest */;
			productType = "com.apple.product-type.bundle.unit-test";
		};
		9A37767028B856E600E5F8B1 /* hypespaceUITests */ = {
			isa = PBXNativeTarget;
			buildConfigurationList = 9A37768128B856E600E5F8B1 /* Build configuration list for PBXNativeTarget "hypespaceUITests" */;
			buildPhases = (
				9A37766D28B856E600E5F8B1 /* Sources */,
				9A37766E28B856E600E5F8B1 /* Frameworks */,
				9A37766F28B856E600E5F8B1 /* Resources */,
			);
			buildRules = (
			);
			dependencies = (
				9A37767328B856E600E5F8B1 /* PBXTargetDependency */,
			);
			name = hypespaceUITests;
			productName = hypespaceUITests;
			productReference = 9A37767128B856E600E5F8B1 /* hypespaceUITests.xctest */;
			productType = "com.apple.product-type.bundle.ui-testing";
		};
/* End PBXNativeTarget section */

/* Begin PBXProject section */
		9A37764F28B856E000E5F8B1 /* Project object */ = {
			isa = PBXProject;
			attributes = {
				BuildIndependentTargetsInParallel = 1;
				LastSwiftUpdateCheck = 1310;
				LastUpgradeCheck = 1310;
				TargetAttributes = {
					9A37765628B856E000E5F8B1 = {
						CreatedOnToolsVersion = 13.1;
					};
					9A37766628B856E600E5F8B1 = {
						CreatedOnToolsVersion = 13.1;
						TestTargetID = 9A37765628B856E000E5F8B1;
					};
					9A37767028B856E600E5F8B1 = {
						CreatedOnToolsVersion = 13.1;
						TestTargetID = 9A37765628B856E000E5F8B1;
					};
				};
			};
			buildConfigurationList = 9A37765228B856E000E5F8B1 /* Build configuration list for PBXProject "hypespace" */;
			compatibilityVersion = "Xcode 13.0";
			developmentRegion = en;
			hasScannedForEncodings = 0;
			knownRegions = (
				en,
				Base,
			);
			mainGroup = 9A37764E28B856E000E5F8B1;
			productRefGroup = 9A37765828B856E000E5F8B1 /* Products */;
			projectDirPath = "";
			projectRoot = "";
			targets = (
				9A37765628B856E000E5F8B1 /* hypespace */,
				9A37766628B856E600E5F8B1 /* hypespaceTests */,
				9A37767028B856E600E5F8B1 /* hypespaceUITests */,
			);
		};
/* End PBXProject section */

/* Begin PBXResourcesBuildPhase section */
		9A37765528B856E000E5F8B1 /* Resources */ = {
			isa = PBXResourcesBuildPhase;
			buildActionMask = 2147483647;
			files = (
				9A37766228B856E400E5F8B1 /* Preview Assets.xcassets in Resources */,
				9A37765F28B856E400E5F8B1 /* Assets.xcassets in Resources */,
			);
			runOnlyForDeploymentPostprocessing = 0;
		};
		9A37766528B856E600E5F8B1 /* Resources */ = {
			isa = PBXResourcesBuildPhase;
			buildActionMask = 2147483647;
			files = (
			);
			runOnlyForDeploymentPostprocessing = 0;
		};
		9A37766F28B856E600E5F8B1 /* Resources */ = {
			isa = PBXResourcesBuildPhase;
			buildActionMask = 2147483647;
			files = (
			);
			runOnlyForDeploymentPostprocessing = 0;
		};
/* End PBXResourcesBuildPhase section */

/* Begin PBXSourcesBuildPhase section */
		9A37765328B856E000E5F8B1 /* Sources */ = {
			isa = PBXSourcesBuildPhase;
			buildActionMask = 2147483647;
			files = (
				9A37765D28B856E000E5F8B1 /* ContentView.swift in Sources */,
				9A37765B28B856E000E5F8B1 /* hypespaceApp.swift in Sources */,
			);
			runOnlyForDeploymentPostprocessing = 0;
		};
		9A37766328B856E600E5F8B1 /* Sources */ = {
			isa = PBXSourcesBuildPhase;
			buildActionMask = 2147483647;
			files = (
				9A37766C28B856E600E5F8B1 /* hypespaceTests.swift in Sources */,
			);
			runOnlyForDeploymentPostprocessing = 0;
		};
		9A37766D28B856E600E5F8B1 /* Sources */ = {
			isa = PBXSourcesBuildPhase;
			buildActionMask = 2147483647;
			files = (
				9A37767628B856E600E5F8B1 /* hypespaceUITests.swift in Sources */,
				9A37767828B856E600E5F8B1 /* hypespaceUITestsLaunchTests.swift in Sources */,
			);
			runOnlyForDeploymentPostprocessing = 0;
		};
/* End PBXSourcesBuildPhase section */

/* Begin PBXTargetDependency section */
		9A37766928B856E600E5F8B1 /* PBXTargetDependency */ = {
			isa = PBXTargetDependency;
			target = 9A37765628B856E000E5F8B1 /* hypespace */;
			targetProxy = 9A37766828B856E600E5F8B1 /* PBXContainerItemProxy */;
		};
		9A37767328B856E600E5F8B1 /* PBXTargetDependency */ = {
			isa = PBXTargetDependency;
			target = 9A37765628B856E000E5F8B1 /* hypespace */;
			targetProxy = 9A37767228B856E600E5F8B1 /* PBXContainerItemProxy */;
		};
/* End PBXTargetDependency section */

/* Begin XCBuildConfiguration section */
		9A37767928B856E600E5F8B1 /* Debug */ = {
			isa = XCBuildConfiguration;
			buildSettings = {
				ALWAYS_SEARCH_USER_PATHS = NO;
				CLANG_ANALYZER_NONNULL = YES;
				CLANG_ANALYZER_NUMBER_OBJECT_CONVERSION = YES_AGGRESSIVE;
				CLANG_CXX_LANGUAGE_STANDARD = "gnu++17";
				CLANG_CXX_LIBRARY = "libc++";
				CLANG_ENABLE_MODULES = YES;
				CLANG_ENABLE_OBJC_ARC = YES;
				CLANG_ENABLE_OBJC_WEAK = YES;
				CLANG_WARN_BLOCK_CAPTURE_AUTORELEASING = YES;
				CLANG_WARN_BOOL_CONVERSION = YES;
				CLANG_WARN_COMMA = YES;
				CLANG_WARN_CONSTANT_CONVERSION = YES;
				CLANG_WARN_DEPRECATED_OBJC_IMPLEMENTATIONS = YES;
				CLANG_WARN_DIRECT_OBJC_ISA_USAGE = YES_ERROR;
				CLANG_WARN_DOCUMENTATION_COMMENTS = YES;
				CLANG_WARN_EMPTY_BODY = YES;
				CLANG_WARN_ENUM_CONVERSION = YES;
				CLANG_WARN_INFINITE_RECURSION = YES;
				CLANG_WARN_INT_CONVERSION = YES;
				CLANG_WARN_NON_LITERAL_NULL_CONVERSION = YES;
				CLANG_WARN_OBJC_IMPLICIT_RETAIN_SELF = YES;
				CLANG_WARN_OBJC_LITERAL_CONVERSION = YES;
				CLANG_WARN_OBJC_ROOT_CLASS = YES_ERROR;
				CLANG_WARN_QUOTED_INCLUDE_IN_FRAMEWORK_HEADER = YES;
				CLANG_WARN_RANGE_LOOP_ANALYSIS = YES;
				CLANG_WARN_STRICT_PROTOTYPES = YES;
				CLANG_WARN_SUSPICIOUS_MOVE = YES;
				CLANG_WARN_UNGUARDED_AVAILABILITY = YES_AGGRESSIVE;
				CLANG_WARN_UNREACHABLE_CODE = YES;
				CLANG_WARN__DUPLICATE_METHOD_MATCH = YES;
				COPY_PHASE_STRIP = NO;
				DEBUG_INFORMATION_FORMAT = dwarf;
				ENABLE_STRICT_OBJC_MSGSEND = YES;
				ENABLE_TESTABILITY = YES;
				GCC_C_LANGUAGE_STANDARD = gnu11;
				GCC_DYNAMIC_NO_PIC = NO;
				GCC_NO_COMMON_BLOCKS = YES;
				GCC_OPTIMIZATION_LEVEL = 0;
				GCC_PREPROCESSOR_DEFINITIONS = (
					"DEBUG=1",
					"$(inherited)",
				);
				GCC_WARN_64_TO_32_BIT_CONVERSION = YES;
				GCC_WARN_ABOUT_RETURN_TYPE = YES_ERROR;
				GCC_WARN_UNDECLARED_SELECTOR = YES;
				GCC_WARN_UNINITIALIZED_AUTOS = YES_AGGRESSIVE;
				GCC_WARN_UNUSED_FUNCTION = YES;
				GCC_WARN_UNUSED_VARIABLE = YES;
				IPHONEOS_DEPLOYMENT_TARGET = 15.0;
				MTL_ENABLE_DEBUG_INFO = INCLUDE_SOURCE;
				MTL_FAST_MATH = YES;
				ONLY_ACTIVE_ARCH = YES;
				SDKROOT = iphoneos;
				SWIFT_ACTIVE_COMPILATION_CONDITIONS = DEBUG;
				SWIFT_OPTIMIZATION_LEVEL = "-Onone";
			};
			name = Debug;
		};
		9A37767A28B856E600E5F8B1 /* Release */ = {
			isa = XCBuildConfiguration;
			buildSettings = {
				ALWAYS_SEARCH_USER_PATHS = NO;
				CLANG_ANALYZER_NONNULL = YES;
				CLANG_ANALYZER_NUMBER_OBJECT_CONVERSION = YES_AGGRESSIVE;
				CLANG_CXX_LANGUAGE_STANDARD = "gnu++17";
				CLANG_CXX_LIBRARY = "libc++";
				CLANG_ENABLE_MODULES = YES;
				CLANG_ENABLE_OBJC_ARC = YES;
				CLANG_ENABLE_OBJC_WEAK = YES;
				CLANG_WARN_BLOCK_CAPTURE_AUTORELEASING = YES;
				CLANG_WARN_BOOL_CONVERSION = YES;
				CLANG_WARN_COMMA = YES;
				CLANG_WARN_CONSTANT_CONVERSION = YES;
				CLANG_WARN_DEPRECATED_OBJC_IMPLEMENTATIONS = YES;
				CLANG_WARN_DIRECT_OBJC_ISA_USAGE = YES_ERROR;
				CLANG_WARN_DOCUMENTATION_COMMENTS = YES;
				CLANG_WARN_EMPTY_BODY = YES;
				CLANG_WARN_ENUM_CONVERSION = YES;
				CLANG_WARN_INFINITE_RECURSION = YES;
				CLANG_WARN_INT_CONVERSION = YES;
				CLANG_WARN_NON_LITERAL_NULL_CONVERSION = YES;
				CLANG_WARN_OBJC_IMPLICIT_RETAIN_SELF = YES;
				CLANG_WARN_OBJC_LITERAL_CONVERSION = YES;
				CLANG_WARN_OBJC_ROOT_CLASS = YES_ERROR;
				CLANG_WARN_QUOTED_INCLUDE_IN_FRAMEWORK_HEADER = YES;
				CLANG_WARN_RANGE_LOOP_ANALYSIS = YES;
				CLANG_WARN_STRICT_PROTOTYPES = YES;
				CLANG_WARN_SUSPICIOUS_MOVE = YES;
				CLANG_WARN_UNGUARDED_AVAILABILITY = YES_AGGRESSIVE;
				CLANG_WARN_UNREACHABLE_CODE = YES;
				CLANG_WARN__DUPLICATE_METHOD_MATCH = YES;
				COPY_PHASE_STRIP = NO;
				DEBUG_INFORMATION_FORMAT = "dwarf-with-dsym";
				ENABLE_NS_ASSERTIONS = NO;
				ENABLE_STRICT_OBJC_MSGSEND = YES;
				GCC_C_LANGUAGE_STANDARD = gnu11;
				GCC_NO_COMMON_BLOCKS = YES;
				GCC_WARN_64_TO_32_BIT_CONVERSION = YES;
				GCC_WARN_ABOUT_RETURN_TYPE = YES_ERROR;
				GCC_WARN_UNDECLARED_SELECTOR = YES;
				GCC_WARN_UNINITIALIZED_AUTOS = YES_AGGRESSIVE;
				GCC_WARN_UNUSED_FUNCTION = YES;
				GCC_WARN_UNUSED_VARIABLE = YES;
				IPHONEOS_DEPLOYMENT_TARGET = 15.0;
				MTL_ENABLE_DEBUG_INFO = NO;
				MTL_FAST_MATH = YES;
				SDKROOT = iphoneos;
				SWIFT_COMPILATION_MODE = wholemodule;
				SWIFT_OPTIMIZATION_LEVEL = "-O";
				VALIDATE_PRODUCT = YES;
			};
			name = Release;
		};
		9A37767C28B856E600E5F8B1 /* Debug */ = {
			isa = XCBuildConfiguration;
			buildSettings = {
				ASSETCATALOG_COMPILER_APPICON_NAME = AppIcon;
				ASSETCATALOG_COMPILER_GLOBAL_ACCENT_COLOR_NAME = AccentColor;
				CODE_SIGN_STYLE = Automatic;
				CURRENT_PROJECT_VERSION = 1;
				DEVELOPMENT_ASSET_PATHS = "\"hypespace/Preview Content\"";
				ENABLE_PREVIEWS = YES;
				GENERATE_INFOPLIST_FILE = YES;
				INFOPLIST_KEY_UIApplicationSceneManifest_Generation = YES;
				INFOPLIST_KEY_UIApplicationSupportsIndirectInputEvents = YES;
				INFOPLIST_KEY_UILaunchScreen_Generation = YES;
				INFOPLIST_KEY_UISupportedInterfaceOrientations_iPad = "UIInterfaceOrientationPortrait UIInterfaceOrientationPortraitUpsideDown UIInterfaceOrientationLandscapeLeft UIInterfaceOrientationLandscapeRight";
				INFOPLIST_KEY_UISupportedInterfaceOrientations_iPhone = "UIInterfaceOrientationPortrait UIInterfaceOrientationLandscapeLeft UIInterfaceOrientationLandscapeRight";
				LD_RUNPATH_SEARCH_PATHS = (
					"$(inherited)",
					"@executable_path/Frameworks",
				);
				MARKETING_VERSION = 1.0;
				PRODUCT_BUNDLE_IDENTIFIER = com.mactech.hypespace;
				PRODUCT_NAME = "$(TARGET_NAME)";
				SWIFT_EMIT_LOC_STRINGS = YES;
				SWIFT_VERSION = 5.0;
				TARGETED_DEVICE_FAMILY = "1,2";
			};
			name = Debug;
		};
		9A37767D28B856E600E5F8B1 /* Release */ = {
			isa = XCBuildConfiguration;
			buildSettings = {
				ASSETCATALOG_COMPILER_APPICON_NAME = AppIcon;
				ASSETCATALOG_COMPILER_GLOBAL_ACCENT_COLOR_NAME = AccentColor;
				CODE_SIGN_STYLE = Automatic;
				CURRENT_PROJECT_VERSION = 1;
				DEVELOPMENT_ASSET_PATHS = "\"hypespace/Preview Content\"";
				ENABLE_PREVIEWS = YES;
				GENERATE_INFOPLIST_FILE = YES;
				INFOPLIST_KEY_UIApplicationSceneManifest_Generation = YES;
				INFOPLIST_KEY_UIApplicationSupportsIndirectInputEvents = YES;
				INFOPLIST_KEY_UILaunchScreen_Generation = YES;
				INFOPLIST_KEY_UISupportedInterfaceOrientations_iPad = "UIInterfaceOrientationPortrait UIInterfaceOrientationPortraitUpsideDown UIInterfaceOrientationLandscapeLeft UIInterfaceOrientationLandscapeRight";
				INFOPLIST_KEY_UISupportedInterfaceOrientations_iPhone = "UIInterfaceOrientationPortrait UIInterfaceOrientationLandscapeLeft UIInterfaceOrientationLandscapeRight";
				LD_RUNPATH_SEARCH_PATHS = (
					"$(inherited)",
					"@executable_path/Frameworks",
				);
				MARKETING_VERSION = 1.0;
				PRODUCT_BUNDLE_IDENTIFIER = com.mactech.hypespace;
				PRODUCT_NAME = "$(TARGET_NAME)";
				SWIFT_EMIT_LOC_STRINGS = YES;
				SWIFT_VERSION = 5.0;
				TARGETED_DEVICE_FAMILY = "1,2";
			};
			name = Release;
		};
		9A37767F28B856E600E5F8B1 /* Debug */ = {
			isa = XCBuildConfiguration;
			buildSettings = {
				ALWAYS_EMBED_SWIFT_STANDARD_LIBRARIES = YES;
				BUNDLE_LOADER = "$(TEST_HOST)";
				CODE_SIGN_STYLE = Automatic;
				CURRENT_PROJECT_VERSION = 1;
				GENERATE_INFOPLIST_FILE = YES;
				IPHONEOS_DEPLOYMENT_TARGET = 15.0;
				LD_RUNPATH_SEARCH_PATHS = (
					"$(inherited)",
					"@executable_path/Frameworks",
					"@loader_path/Frameworks",
				);
				MARKETING_VERSION = 1.0;
				PRODUCT_BUNDLE_IDENTIFIER = com.mactech.hypespaceTests;
				PRODUCT_NAME = "$(TARGET_NAME)";
				SWIFT_EMIT_LOC_STRINGS = NO;
				SWIFT_VERSION = 5.0;
				TARGETED_DEVICE_FAMILY = "1,2";
				TEST_HOST = "$(BUILT_PRODUCTS_DIR)/hypespace.app/hypespace";
			};
			name = Debug;
		};
		9A37768028B856E600E5F8B1 /* Release */ = {
			isa = XCBuildConfiguration;
			buildSettings = {
				ALWAYS_EMBED_SWIFT_STANDARD_LIBRARIES = YES;
				BUNDLE_LOADER = "$(TEST_HOST)";
				CODE_SIGN_STYLE = Automatic;
				CURRENT_PROJECT_VERSION = 1;
				GENERATE_INFOPLIST_FILE = YES;
				IPHONEOS_DEPLOYMENT_TARGET = 15.0;
				LD_RUNPATH_SEARCH_PATHS = (
					"$(inherited)",
					"@executable_path/Frameworks",
					"@loader_path/Frameworks",
				);
				MARKETING_VERSION = 1.0;
				PRODUCT_BUNDLE_IDENTIFIER = com.mactech.hypespaceTests;
				PRODUCT_NAME = "$(TARGET_NAME)";
				SWIFT_EMIT_LOC_STRINGS = NO;
				SWIFT_VERSION = 5.0;
				TARGETED_DEVICE_FAMILY = "1,2";
				TEST_HOST = "$(BUILT_PRODUCTS_DIR)/hypespace.app/hypespace";
			};
			name = Release;
		};
		9A37768228B856E600E5F8B1 /* Debug */ = {
			isa = XCBuildConfiguration;
			buildSettings = {
				ALWAYS_EMBED_SWIFT_STANDARD_LIBRARIES = YES;
				CODE_SIGN_STYLE = Automatic;
				CURRENT_PROJECT_VERSION = 1;
				GENERATE_INFOPLIST_FILE = YES;
				LD_RUNPATH_SEARCH_PATHS = (
					"$(inherited)",
					"@executable_path/Frameworks",
					"@loader_path/Frameworks",
				);
				MARKETING_VERSION = 1.0;
				PRODUCT_BUNDLE_IDENTIFIER = com.mactech.hypespaceUITests;
				PRODUCT_NAME = "$(TARGET_NAME)";
				SWIFT_EMIT_LOC_STRINGS = NO;
				SWIFT_VERSION = 5.0;
				TARGETED_DEVICE_FAMILY = "1,2";
				TEST_TARGET_NAME = hypespace;
			};
			name = Debug;
		};
		9A37768328B856E600E5F8B1 /* Release */ = {
			isa = XCBuildConfiguration;
			buildSettings = {
				ALWAYS_EMBED_SWIFT_STANDARD_LIBRARIES = YES;
				CODE_SIGN_STYLE = Automatic;
				CURRENT_PROJECT_VERSION = 1;
				GENERATE_INFOPLIST_FILE = YES;
				LD_RUNPATH_SEARCH_PATHS = (
					"$(inherited)",
					"@executable_path/Frameworks",
					"@loader_path/Frameworks",
				);
				MARKETING_VERSION = 1.0;
				PRODUCT_BUNDLE_IDENTIFIER = com.mactech.hypespaceUITests;
				PRODUCT_NAME = "$(TARGET_NAME)";
				SWIFT_EMIT_LOC_STRINGS = NO;
				SWIFT_VERSION = 5.0;
				TARGETED_DEVICE_FAMILY = "1,2";
				TEST_TARGET_NAME = hypespace;
			};
			name = Release;
		};
/* End XCBuildConfiguration section */

/* Begin XCConfigurationList section */
		9A37765228B856E000E5F8B1 /* Build configuration list for PBXProject "hypespace" */ = {
			isa = XCConfigurationList;
			buildConfigurations = (
				9A37767928B856E600E5F8B1 /* Debug */,
				9A37767A28B856E600E5F8B1 /* Release */,
			);
			defaultConfigurationIsVisible = 0;
			defaultConfigurationName = Release;
		};
		9A37767B28B856E600E5F8B1 /* Build configuration list for PBXNativeTarget "hypespace" */ = {
			isa = XCConfigurationList;
			buildConfigurations = (
				9A37767C28B856E600E5F8B1 /* Debug */,
				9A37767D28B856E600E5F8B1 /* Release */,
			);
			defaultConfigurationIsVisible = 0;
			defaultConfigurationName = Release;
		};
		9A37767E28B856E600E5F8B1 /* Build configuration list for PBXNativeTarget "hypespaceTests" */ = {
			isa = XCConfigurationList;
			buildConfigurations = (
				9A37767F28B856E600E5F8B1 /* Debug */,
				9A37768028B856E600E5F8B1 /* Release */,
			);
			defaultConfigurationIsVisible = 0;
			defaultConfigurationName = Release;
		};
		9A37768128B856E600E5F8B1 /* Build configuration list for PBXNativeTarget "hypespaceUITests" */ = {
			isa = XCConfigurationList;
			buildConfigurations = (
				9A37768228B856E600E5F8B1 /* Debug */,
				9A37768328B856E600E5F8B1 /* Release */,
			);
			defaultConfigurationIsVisible = 0;
			defaultConfigurationName = Release;
		};
/* End XCConfigurationList section */
	};
	rootObject = 9A37764F28B856E000E5F8B1 /* Project object */;
}
